// !$*UTF8*$!
{
	archiveVersion = 1;
	classes = {
	};
	objectVersion = 56;
	objects = {

/* Begin PBXBuildFile section */
		044404532AAF025400728DA4 /* AppDelegate.swift in Sources */ = {isa = PBXBuildFile; fileRef = 044404522AAF025400728DA4 /* AppDelegate.swift */; };
		044404552AAF025400728DA4 /* SceneDelegate.swift in Sources */ = {isa = PBXBuildFile; fileRef = 044404542AAF025400728DA4 /* SceneDelegate.swift */; };
		0444045C2AAF025600728DA4 /* Assets.xcassets in Resources */ = {isa = PBXBuildFile; fileRef = 0444045B2AAF025600728DA4 /* Assets.xcassets */; };
		0444045F2AAF025600728DA4 /* LaunchScreen.storyboard in Resources */ = {isa = PBXBuildFile; fileRef = 0444045D2AAF025600728DA4 /* LaunchScreen.storyboard */; };
		044404682AAF049E00728DA4 /* Realm in Frameworks */ = {isa = PBXBuildFile; productRef = 044404672AAF049E00728DA4 /* Realm */; };
		0444046A2AAF049E00728DA4 /* RealmSwift in Frameworks */ = {isa = PBXBuildFile; productRef = 044404692AAF049E00728DA4 /* RealmSwift */; };
		0444046D2AAF069500728DA4 /* PlayerModel.swift in Sources */ = {isa = PBXBuildFile; fileRef = 0444046C2AAF069500728DA4 /* PlayerModel.swift */; };
		044404702AAF0EFA00728DA4 /* UpdateModel.swift in Sources */ = {isa = PBXBuildFile; fileRef = 0444046F2AAF0EFA00728DA4 /* UpdateModel.swift */; };
		044404722AAF170E00728DA4 /* UpdateHistory.swift in Sources */ = {isa = PBXBuildFile; fileRef = 044404712AAF170E00728DA4 /* UpdateHistory.swift */; };
		044404752AAF1D4000728DA4 /* Date+Extension.swift in Sources */ = {isa = PBXBuildFile; fileRef = 044404742AAF1D4000728DA4 /* Date+Extension.swift */; };
		0444047C2AB03B0A00728DA4 /* ReseltViewController.swift in Sources */ = {isa = PBXBuildFile; fileRef = 0444047B2AB03B0A00728DA4 /* ReseltViewController.swift */; };
/* End PBXBuildFile section */

/* Begin PBXFileReference section */
		0444044F2AAF025400728DA4 /* MLBtheShowRatingMovement.app */ = {isa = PBXFileReference; explicitFileType = wrapper.application; includeInIndex = 0; path = MLBtheShowRatingMovement.app; sourceTree = BUILT_PRODUCTS_DIR; };
		044404522AAF025400728DA4 /* AppDelegate.swift */ = {isa = PBXFileReference; lastKnownFileType = sourcecode.swift; path = AppDelegate.swift; sourceTree = "<group>"; };
		044404542AAF025400728DA4 /* SceneDelegate.swift */ = {isa = PBXFileReference; lastKnownFileType = sourcecode.swift; path = SceneDelegate.swift; sourceTree = "<group>"; };
		0444045B2AAF025600728DA4 /* Assets.xcassets */ = {isa = PBXFileReference; lastKnownFileType = folder.assetcatalog; path = Assets.xcassets; sourceTree = "<group>"; };
		0444045E2AAF025600728DA4 /* Base */ = {isa = PBXFileReference; lastKnownFileType = file.storyboard; name = Base; path = Base.lproj/LaunchScreen.storyboard; sourceTree = "<group>"; };
		044404602AAF025600728DA4 /* Info.plist */ = {isa = PBXFileReference; lastKnownFileType = text.plist.xml; path = Info.plist; sourceTree = "<group>"; };
		0444046C2AAF069500728DA4 /* PlayerModel.swift */ = {isa = PBXFileReference; lastKnownFileType = sourcecode.swift; path = PlayerModel.swift; sourceTree = "<group>"; };
		0444046F2AAF0EFA00728DA4 /* UpdateModel.swift */ = {isa = PBXFileReference; lastKnownFileType = sourcecode.swift; path = UpdateModel.swift; sourceTree = "<group>"; };
		044404712AAF170E00728DA4 /* UpdateHistory.swift */ = {isa = PBXFileReference; lastKnownFileType = sourcecode.swift; path = UpdateHistory.swift; sourceTree = "<group>"; };
		044404742AAF1D4000728DA4 /* Date+Extension.swift */ = {isa = PBXFileReference; lastKnownFileType = sourcecode.swift; path = "Date+Extension.swift"; sourceTree = "<group>"; };
		0444047B2AB03B0A00728DA4 /* ReseltViewController.swift */ = {isa = PBXFileReference; lastKnownFileType = sourcecode.swift; path = ReseltViewController.swift; sourceTree = "<group>"; };
/* End PBXFileReference section */

/* Begin PBXFrameworksBuildPhase section */
		0444044C2AAF025400728DA4 /* Frameworks */ = {
			isa = PBXFrameworksBuildPhase;
			buildActionMask = 2147483647;
			files = (
				0444046A2AAF049E00728DA4 /* RealmSwift in Frameworks */,
				044404682AAF049E00728DA4 /* Realm in Frameworks */,
			);
			runOnlyForDeploymentPostprocessing = 0;
		};
/* End PBXFrameworksBuildPhase section */

/* Begin PBXGroup section */
		044404462AAF025400728DA4 = {
			isa = PBXGroup;
			children = (
				044404512AAF025400728DA4 /* MLBtheShowRatingMovement */,
				044404502AAF025400728DA4 /* Products */,
			);
			sourceTree = "<group>";
		};
		044404502AAF025400728DA4 /* Products */ = {
			isa = PBXGroup;
			children = (
				0444044F2AAF025400728DA4 /* MLBtheShowRatingMovement.app */,
			);
			name = Products;
			sourceTree = "<group>";
		};
		044404512AAF025400728DA4 /* MLBtheShowRatingMovement */ = {
			isa = PBXGroup;
			children = (
				044404522AAF025400728DA4 /* AppDelegate.swift */,
				0444045B2AAF025600728DA4 /* Assets.xcassets */,
				044404732AAF1C4400728DA4 /* Extension */,
				044404602AAF025600728DA4 /* Info.plist */,
				0444045D2AAF025600728DA4 /* LaunchScreen.storyboard */,
				0444046B2AAF067900728DA4 /* Model */,
				044404542AAF025400728DA4 /* SceneDelegate.swift */,
				0444047A2AB03ADF00728DA4 /* View */,
			);
			path = MLBtheShowRatingMovement;
			sourceTree = "<group>";
		};
		0444046B2AAF067900728DA4 /* Model */ = {
			isa = PBXGroup;
			children = (
				0444046C2AAF069500728DA4 /* PlayerModel.swift */,
				044404712AAF170E00728DA4 /* UpdateHistory.swift */,
				0444046F2AAF0EFA00728DA4 /* UpdateModel.swift */,
			);
			path = Model;
			sourceTree = "<group>";
		};
		044404732AAF1C4400728DA4 /* Extension */ = {
			isa = PBXGroup;
			children = (
				044404742AAF1D4000728DA4 /* Date+Extension.swift */,
			);
			path = Extension;
			sourceTree = "<group>";
		};
		0444047A2AB03ADF00728DA4 /* View */ = {
			isa = PBXGroup;
			children = (
				0444047B2AB03B0A00728DA4 /* ReseltViewController.swift */,
			);
			path = View;
			sourceTree = "<group>";
		};
/* End PBXGroup section */

/* Begin PBXNativeTarget section */
		0444044E2AAF025400728DA4 /* MLBtheShowRatingMovement */ = {
			isa = PBXNativeTarget;
			buildConfigurationList = 044404632AAF025600728DA4 /* Build configuration list for PBXNativeTarget "MLBtheShowRatingMovement" */;
			buildPhases = (
				0444044B2AAF025400728DA4 /* Sources */,
				0444044C2AAF025400728DA4 /* Frameworks */,
				0444044D2AAF025400728DA4 /* Resources */,
			);
			buildRules = (
			);
			dependencies = (
			);
			name = MLBtheShowRatingMovement;
			packageProductDependencies = (
				044404672AAF049E00728DA4 /* Realm */,
				044404692AAF049E00728DA4 /* RealmSwift */,
			);
			productName = MLBtheShowRatingMovement;
			productReference = 0444044F2AAF025400728DA4 /* MLBtheShowRatingMovement.app */;
			productType = "com.apple.product-type.application";
		};
/* End PBXNativeTarget section */

/* Begin PBXProject section */
		044404472AAF025400728DA4 /* Project object */ = {
			isa = PBXProject;
			attributes = {
				BuildIndependentTargetsInParallel = 1;
				LastSwiftUpdateCheck = 1400;
				LastUpgradeCheck = 1400;
				TargetAttributes = {
					0444044E2AAF025400728DA4 = {
						CreatedOnToolsVersion = 14.0;
					};
				};
			};
			buildConfigurationList = 0444044A2AAF025400728DA4 /* Build configuration list for PBXProject "MLBtheShowRatingMovement" */;
			compatibilityVersion = "Xcode 14.0";
			developmentRegion = en;
			hasScannedForEncodings = 0;
			knownRegions = (
				en,
				Base,
			);
			mainGroup = 044404462AAF025400728DA4;
			packageReferences = (
				044404662AAF049E00728DA4 /* XCRemoteSwiftPackageReference "realm-swift" */,
			);
			productRefGroup = 044404502AAF025400728DA4 /* Products */;
			projectDirPath = "";
			projectRoot = "";
			targets = (
				0444044E2AAF025400728DA4 /* MLBtheShowRatingMovement */,
			);
		};
/* End PBXProject section */

/* Begin PBXResourcesBuildPhase section */
		0444044D2AAF025400728DA4 /* Resources */ = {
			isa = PBXResourcesBuildPhase;
			buildActionMask = 2147483647;
			files = (
				0444045F2AAF025600728DA4 /* LaunchScreen.storyboard in Resources */,
				0444045C2AAF025600728DA4 /* Assets.xcassets in Resources */,
			);
			runOnlyForDeploymentPostprocessing = 0;
		};
/* End PBXResourcesBuildPhase section */

/* Begin PBXSourcesBuildPhase section */
		0444044B2AAF025400728DA4 /* Sources */ = {
			isa = PBXSourcesBuildPhase;
			buildActionMask = 2147483647;
			files = (
				044404722AAF170E00728DA4 /* UpdateHistory.swift in Sources */,
				044404532AAF025400728DA4 /* AppDelegate.swift in Sources */,
				0444047C2AB03B0A00728DA4 /* ReseltViewController.swift in Sources */,
				0444046D2AAF069500728DA4 /* PlayerModel.swift in Sources */,
				044404752AAF1D4000728DA4 /* Date+Extension.swift in Sources */,
				044404552AAF025400728DA4 /* SceneDelegate.swift in Sources */,
				044404702AAF0EFA00728DA4 /* UpdateModel.swift in Sources */,
			);
			runOnlyForDeploymentPostprocessing = 0;
		};
/* End PBXSourcesBuildPhase section */

/* Begin PBXVariantGroup section */
		0444045D2AAF025600728DA4 /* LaunchScreen.storyboard */ = {
			isa = PBXVariantGroup;
			children = (
				0444045E2AAF025600728DA4 /* Base */,
			);
			name = LaunchScreen.storyboard;
			sourceTree = "<group>";
		};
/* End PBXVariantGroup section */

/* Begin XCBuildConfiguration section */
		044404612AAF025600728DA4 /* Debug */ = {
			isa = XCBuildConfiguration;
			buildSettings = {
				ALWAYS_SEARCH_USER_PATHS = NO;
				CLANG_ANALYZER_NONNULL = YES;
				CLANG_ANALYZER_NUMBER_OBJECT_CONVERSION = YES_AGGRESSIVE;
				CLANG_CXX_LANGUAGE_STANDARD = "gnu++20";
				CLANG_ENABLE_MODULES = YES;
				CLANG_ENABLE_OBJC_ARC = YES;
				CLANG_ENABLE_OBJC_WEAK = YES;
				CLANG_WARN_BLOCK_CAPTURE_AUTORELEASING = YES;
				CLANG_WARN_BOOL_CONVERSION = YES;
				CLANG_WARN_COMMA = YES;
				CLANG_WARN_CONSTANT_CONVERSION = YES;
				CLANG_WARN_DEPRECATED_OBJC_IMPLEMENTATIONS = YES;
				CLANG_WARN_DIRECT_OBJC_ISA_USAGE = YES_ERROR;
				CLANG_WARN_DOCUMENTATION_COMMENTS = YES;
				CLANG_WARN_EMPTY_BODY = YES;
				CLANG_WARN_ENUM_CONVERSION = YES;
				CLANG_WARN_INFINITE_RECURSION = YES;
				CLANG_WARN_INT_CONVERSION = YES;
				CLANG_WARN_NON_LITERAL_NULL_CONVERSION = YES;
				CLANG_WARN_OBJC_IMPLICIT_RETAIN_SELF = YES;
				CLANG_WARN_OBJC_LITERAL_CONVERSION = YES;
				CLANG_WARN_OBJC_ROOT_CLASS = YES_ERROR;
				CLANG_WARN_QUOTED_INCLUDE_IN_FRAMEWORK_HEADER = YES;
				CLANG_WARN_RANGE_LOOP_ANALYSIS = YES;
				CLANG_WARN_STRICT_PROTOTYPES = YES;
				CLANG_WARN_SUSPICIOUS_MOVE = YES;
				CLANG_WARN_UNGUARDED_AVAILABILITY = YES_AGGRESSIVE;
				CLANG_WARN_UNREACHABLE_CODE = YES;
				CLANG_WARN__DUPLICATE_METHOD_MATCH = YES;
				COPY_PHASE_STRIP = NO;
				DEBUG_INFORMATION_FORMAT = dwarf;
				ENABLE_STRICT_OBJC_MSGSEND = YES;
				ENABLE_TESTABILITY = YES;
				GCC_C_LANGUAGE_STANDARD = gnu11;
				GCC_DYNAMIC_NO_PIC = NO;
				GCC_NO_COMMON_BLOCKS = YES;
				GCC_OPTIMIZATION_LEVEL = 0;
				GCC_PREPROCESSOR_DEFINITIONS = (
					"DEBUG=1",
					"$(inherited)",
				);
				GCC_WARN_64_TO_32_BIT_CONVERSION = YES;
				GCC_WARN_ABOUT_RETURN_TYPE = YES_ERROR;
				GCC_WARN_UNDECLARED_SELECTOR = YES;
				GCC_WARN_UNINITIALIZED_AUTOS = YES_AGGRESSIVE;
				GCC_WARN_UNUSED_FUNCTION = YES;
				GCC_WARN_UNUSED_VARIABLE = YES;
				IPHONEOS_DEPLOYMENT_TARGET = 16.0;
				MTL_ENABLE_DEBUG_INFO = INCLUDE_SOURCE;
				MTL_FAST_MATH = YES;
				ONLY_ACTIVE_ARCH = YES;
				SDKROOT = iphoneos;
				SWIFT_ACTIVE_COMPILATION_CONDITIONS = DEBUG;
				SWIFT_OPTIMIZATION_LEVEL = "-Onone";
			};
			name = Debug;
		};
		044404622AAF025600728DA4 /* Release */ = {
			isa = XCBuildConfiguration;
			buildSettings = {
				ALWAYS_SEARCH_USER_PATHS = NO;
				CLANG_ANALYZER_NONNULL = YES;
				CLANG_ANALYZER_NUMBER_OBJECT_CONVERSION = YES_AGGRESSIVE;
				CLANG_CXX_LANGUAGE_STANDARD = "gnu++20";
				CLANG_ENABLE_MODULES = YES;
				CLANG_ENABLE_OBJC_ARC = YES;
				CLANG_ENABLE_OBJC_WEAK = YES;
				CLANG_WARN_BLOCK_CAPTURE_AUTORELEASING = YES;
				CLANG_WARN_BOOL_CONVERSION = YES;
				CLANG_WARN_COMMA = YES;
				CLANG_WARN_CONSTANT_CONVERSION = YES;
				CLANG_WARN_DEPRECATED_OBJC_IMPLEMENTATIONS = YES;
				CLANG_WARN_DIRECT_OBJC_ISA_USAGE = YES_ERROR;
				CLANG_WARN_DOCUMENTATION_COMMENTS = YES;
				CLANG_WARN_EMPTY_BODY = YES;
				CLANG_WARN_ENUM_CONVERSION = YES;
				CLANG_WARN_INFINITE_RECURSION = YES;
				CLANG_WARN_INT_CONVERSION = YES;
				CLANG_WARN_NON_LITERAL_NULL_CONVERSION = YES;
				CLANG_WARN_OBJC_IMPLICIT_RETAIN_SELF = YES;
				CLANG_WARN_OBJC_LITERAL_CONVERSION = YES;
				CLANG_WARN_OBJC_ROOT_CLASS = YES_ERROR;
				CLANG_WARN_QUOTED_INCLUDE_IN_FRAMEWORK_HEADER = YES;
				CLANG_WARN_RANGE_LOOP_ANALYSIS = YES;
				CLANG_WARN_STRICT_PROTOTYPES = YES;
				CLANG_WARN_SUSPICIOUS_MOVE = YES;
				CLANG_WARN_UNGUARDED_AVAILABILITY = YES_AGGRESSIVE;
				CLANG_WARN_UNREACHABLE_CODE = YES;
				CLANG_WARN__DUPLICATE_METHOD_MATCH = YES;
				COPY_PHASE_STRIP = NO;
				DEBUG_INFORMATION_FORMAT = "dwarf-with-dsym";
				ENABLE_NS_ASSERTIONS = NO;
				ENABLE_STRICT_OBJC_MSGSEND = YES;
				GCC_C_LANGUAGE_STANDARD = gnu11;
				GCC_NO_COMMON_BLOCKS = YES;
				GCC_WARN_64_TO_32_BIT_CONVERSION = YES;
				GCC_WARN_ABOUT_RETURN_TYPE = YES_ERROR;
				GCC_WARN_UNDECLARED_SELECTOR = YES;
				GCC_WARN_UNINITIALIZED_AUTOS = YES_AGGRESSIVE;
				GCC_WARN_UNUSED_FUNCTION = YES;
				GCC_WARN_UNUSED_VARIABLE = YES;
				IPHONEOS_DEPLOYMENT_TARGET = 16.0;
				MTL_ENABLE_DEBUG_INFO = NO;
				MTL_FAST_MATH = YES;
				SDKROOT = iphoneos;
				SWIFT_COMPILATION_MODE = wholemodule;
				SWIFT_OPTIMIZATION_LEVEL = "-O";
				VALIDATE_PRODUCT = YES;
			};
			name = Release;
		};
		044404642AAF025600728DA4 /* Debug */ = {
			isa = XCBuildConfiguration;
			buildSettings = {
				ASSETCATALOG_COMPILER_APPICON_NAME = AppIcon;
				ASSETCATALOG_COMPILER_GLOBAL_ACCENT_COLOR_NAME = AccentColor;
				CODE_SIGN_STYLE = Automatic;
				CURRENT_PROJECT_VERSION = 1;
				DEVELOPMENT_TEAM = UG6S92QCHF;
				GENERATE_INFOPLIST_FILE = YES;
				INFOPLIST_FILE = MLBtheShowRatingMovement/Info.plist;
				INFOPLIST_KEY_UIApplicationSupportsIndirectInputEvents = YES;
				INFOPLIST_KEY_UILaunchStoryboardName = LaunchScreen;
				INFOPLIST_KEY_UIMainStoryboardFile = "";
				INFOPLIST_KEY_UISupportedInterfaceOrientations = UIInterfaceOrientationPortrait;
				INFOPLIST_KEY_UISupportedInterfaceOrientations_iPad = "UIInterfaceOrientationPortrait UIInterfaceOrientationPortraitUpsideDown";
				IPHONEOS_DEPLOYMENT_TARGET = 15.0;
				LD_RUNPATH_SEARCH_PATHS = (
					"$(inherited)",
					"@executable_path/Frameworks",
				);
				MARKETING_VERSION = 1.0;
				PRODUCT_BUNDLE_IDENTIFIER = com.ithree1113.MLBtheShowRatingMovement;
				PRODUCT_NAME = "$(TARGET_NAME)";
				SWIFT_EMIT_LOC_STRINGS = YES;
				SWIFT_VERSION = 5.0;
				TARGETED_DEVICE_FAMILY = "1,2";
			};
			name = Debug;
		};
		044404652AAF025600728DA4 /* Release */ = {
			isa = XCBuildConfiguration;
			buildSettings = {
				ASSETCATALOG_COMPILER_APPICON_NAME = AppIcon;
				ASSETCATALOG_COMPILER_GLOBAL_ACCENT_COLOR_NAME = AccentColor;
				CODE_SIGN_STYLE = Automatic;
				CURRENT_PROJECT_VERSION = 1;
				DEVELOPMENT_TEAM = UG6S92QCHF;
				GENERATE_INFOPLIST_FILE = YES;
				INFOPLIST_FILE = MLBtheShowRatingMovement/Info.plist;
				INFOPLIST_KEY_UIApplicationSupportsIndirectInputEvents = YES;
				INFOPLIST_KEY_UILaunchStoryboardName = LaunchScreen;
				INFOPLIST_KEY_UIMainStoryboardFile = "";
				INFOPLIST_KEY_UISupportedInterfaceOrientations = UIInterfaceOrientationPortrait;
				INFOPLIST_KEY_UISupportedInterfaceOrientations_iPad = "UIInterfaceOrientationPortrait UIInterfaceOrientationPortraitUpsideDown";
				IPHONEOS_DEPLOYMENT_TARGET = 15.0;
				LD_RUNPATH_SEARCH_PATHS = (
					"$(inherited)",
					"@executable_path/Frameworks",
				);
				MARKETING_VERSION = 1.0;
				PRODUCT_BUNDLE_IDENTIFIER = com.ithree1113.MLBtheShowRatingMovement;
				PRODUCT_NAME = "$(TARGET_NAME)";
				SWIFT_EMIT_LOC_STRINGS = YES;
				SWIFT_VERSION = 5.0;
				TARGETED_DEVICE_FAMILY = "1,2";
			};
			name = Release;
		};
/* End XCBuildConfiguration section */

/* Begin XCConfigurationList section */
		0444044A2AAF025400728DA4 /* Build configuration list for PBXProject "MLBtheShowRatingMovement" */ = {
			isa = XCConfigurationList;
			buildConfigurations = (
				044404612AAF025600728DA4 /* Debug */,
				044404622AAF025600728DA4 /* Release */,
			);
			defaultConfigurationIsVisible = 0;
			defaultConfigurationName = Release;
		};
		044404632AAF025600728DA4 /* Build configuration list for PBXNativeTarget "MLBtheShowRatingMovement" */ = {
			isa = XCConfigurationList;
			buildConfigurations = (
				044404642AAF025600728DA4 /* Debug */,
				044404652AAF025600728DA4 /* Release */,
			);
			defaultConfigurationIsVisible = 0;
			defaultConfigurationName = Release;
		};
/* End XCConfigurationList section */

/* Begin XCRemoteSwiftPackageReference section */
		044404662AAF049E00728DA4 /* XCRemoteSwiftPackageReference "realm-swift" */ = {
			isa = XCRemoteSwiftPackageReference;
			repositoryURL = "https://github.com/realm/realm-swift.git";
			requirement = {
				kind = upToNextMajorVersion;
				minimumVersion = 10.42.1;
			};
		};
/* End XCRemoteSwiftPackageReference section */

/* Begin XCSwiftPackageProductDependency section */
		044404672AAF049E00728DA4 /* Realm */ = {
			isa = XCSwiftPackageProductDependency;
			package = 044404662AAF049E00728DA4 /* XCRemoteSwiftPackageReference "realm-swift" */;
			productName = Realm;
		};
		044404692AAF049E00728DA4 /* RealmSwift */ = {
			isa = XCSwiftPackageProductDependency;
			package = 044404662AAF049E00728DA4 /* XCRemoteSwiftPackageReference "realm-swift" */;
			productName = RealmSwift;
		};
/* End XCSwiftPackageProductDependency section */
	};
	rootObject = 044404472AAF025400728DA4 /* Project object */;
}
